
Microsoft Visual Studio Solution File, Format Version 12.00
Project("{FAE04EC0-301F-11D3-BF4B-00C04F79EFBC}") = "OxygenNotIncluded", "OxygenNotIncluded.csproj", "{EC21B17E-FCC5-42B6-9ED4-5F2B0F639674}"
EndProject
Global
	GlobalSection(SolutionConfigurationPlatforms) = preSolution
		Debug|Any CPU = Debug|Any CPU
		Release|Any CPU = Release|Any CPU
	EndGlobalSection
	GlobalSection(ProjectConfigurationPlatforms) = postSolution
		{EC21B17E-FCC5-42B6-9ED4-5F2B0F639674}.Debug|Any CPU.ActiveCfg = Debug|Any CPU
		{EC21B17E-FCC5-42B6-9ED4-5F2B0F639674}.Debug|Any CPU.Build.0 = Debug|Any CPU
		{EC21B17E-FCC5-42B6-9ED4-5F2B0F639674}.Release|Any CPU.ActiveCfg = Release|Any CPU
		{EC21B17E-FCC5-42B6-9ED4-5F2B0F639674}.Release|Any CPU.Build.0 = Release|Any CPU
	EndGlobalSection
EndGlobal
